
Microsoft Visual Studio Solution File, Format Version 12.00
# Visual Studio Version 17
VisualStudioVersion = 17.1.32414.318
MinimumVisualStudioVersion = 10.0.40219.1
Project("{9A19103F-16F7-4668-BE54-9A1E7A4F7556}") = "LongerStationsBuffs", "LongerStationsBuffs.csproj", "{EEB1BE92-B2E3-4A4B-B89F-D02EDB2A02A9}"
EndProject
Global
	GlobalSection(SolutionConfigurationPlatforms) = preSolution
		Debug|Any CPU = Debug|Any CPU
		Release|Any CPU = Release|Any CPU
	EndGlobalSection
	GlobalSection(ProjectConfigurationPlatforms) = postSolution
		{EEB1BE92-B2E3-4A4B-B89F-D02EDB2A02A9}.Debug|Any CPU.ActiveCfg = Debug|Any CPU
		{EEB1BE92-B2E3-4A4B-B89F-D02EDB2A02A9}.Debug|Any CPU.Build.0 = Debug|Any CPU
		{EEB1BE92-B2E3-4A4B-B89F-D02EDB2A02A9}.Release|Any CPU.ActiveCfg = Release|Any CPU
		{EEB1BE92-B2E3-4A4B-B89F-D02EDB2A02A9}.Release|Any CPU.Build.0 = Release|Any CPU
	EndGlobalSection
	GlobalSection(SolutionProperties) = preSolution
		HideSolutionNode = FALSE
	EndGlobalSection
	GlobalSection(ExtensibilityGlobals) = postSolution
		SolutionGuid = {BB509BBB-0B84-410F-9FEC-4D77C02FA2AC}
	EndGlobalSection
EndGlobal
